{
  "requires": true,
  "lockfileVersion": 1,
  "dependencies": {
    "@babel/helper-module-imports": {
      "version": "7.16.7",
      "resolved": "https://registry.npmjs.org/@babel/helper-module-imports/-/helper-module-imports-7.16.7.tgz",
      "integrity": "sha512-LVtS6TqjJHFc+nYeITRo6VLXve70xmq7wPhWTqDJusJEgGmkAACWwMiTNrvfoQo6hEhFwAIixNkvB0jPXDL8Wg==",
      "dev": true,
      "requires": {
        "@babel/types": "^7.16.7"
      }
    },
    "@babel/helper-validator-identifier": {
      "version": "7.16.7",
      "resolved": "https://registry.npmjs.org/@babel/helper-validator-identifier/-/helper-validator-identifier-7.16.7.tgz",
      "integrity": "sha512-hsEnFemeiW4D08A5gUAZxLBTXpZ39P+a+DGDsHw1yxqyQ/jzFEnxf5uTEGp+3bzAbNOxU1paTgYS4ECU/IgfDw==",
      "dev": true
    },
    "@babel/runtime": {
      "version": "7.17.9",
      "resolved": "https://registry.npmjs.org/@babel/runtime/-/runtime-7.17.9.tgz",
      "integrity": "sha512-lSiBBvodq29uShpWGNbgFdKYNiFDo5/HIYsaCEY9ff4sb10x9jizo2+pRrSyF4jKZCXqgzuqBOQKbUm90gQwJg==",
      "requires": {
        "regenerator-runtime": "^0.13.4"
      }
    },
    "@babel/types": {
      "version": "7.17.0",
      "resolved": "https://registry.npmjs.org/@babel/types/-/types-7.17.0.tgz",
      "integrity": "sha512-TmKSNO4D5rzhL5bjWFcVHHLETzfQ/AmbKpKPOSjlP0WoHZ6L911fgoOKY4Alp/emzG4cHJdyN49zpgkbXFEHHw==",
      "dev": true,
      "requires": {
        "@babel/helper-validator-identifier": "^7.16.7",
        "to-fast-properties": "^2.0.0"
      }
    },
    "@popperjs/core": {
      "version": "2.11.5",
      "resolved": "https://registry.npmjs.org/@popperjs/core/-/core-2.11.5.tgz",
      "integrity": "sha512-9X2obfABZuDVLCgPK9aX0a/x4jaOEweTTWE2+9sr0Qqqevj2Uv5XorvusThmc9XGYpS9yI+fhh8RTafBtGposw=="
    },
    "@vant/icons": {
      "version": "1.8.0",
      "resolved": "https://registry.npmjs.org/@vant/icons/-/icons-1.8.0.tgz",
      "integrity": "sha512-sKfEUo2/CkQFuERxvkuF6mGQZDKu3IQdj5rV9Fm0weJXtchDSSQ+zt8qPCNUEhh9Y8shy5PzxbvAfOOkCwlCXg=="
    },
    "@vant/popperjs": {
      "version": "1.1.0",
      "resolved": "https://registry.npmjs.org/@vant/popperjs/-/popperjs-1.1.0.tgz",
      "integrity": "sha512-8MD1gz146awV/uPxYjz4pet22f7a9YVKqk7T+gFkWFwT9mEcrIUEg/xPrdOnWKLP9puXyYtm7oVfSDSefZ/p/w==",
      "requires": {
        "@popperjs/core": "^2.9.2"
      }
    },
    "@vant/use": {
      "version": "1.3.6",
      "resolved": "https://registry.npmjs.org/@vant/use/-/use-1.3.6.tgz",
      "integrity": "sha512-3z+nywPaV2F5BdJO7RQxWlgfzJeEOmViD2yHMb7Tg+R4NR/7iQskqW8v2Cnv9FWSJgTOSHlcr7UzeLpiTAP4HA=="
    },
    "@vue/babel-helper-vue-jsx-merge-props": {
      "version": "1.2.1",
      "resolved": "https://registry.npmjs.org/@vue/babel-helper-vue-jsx-merge-props/-/babel-helper-vue-jsx-merge-props-1.2.1.tgz",
      "integrity": "sha512-QOi5OW45e2R20VygMSNhyQHvpdUwQZqGPc748JLGCYEy+yp8fNFNdbNIGAgZmi9e+2JHPd6i6idRuqivyicIkA=="
    },
    "babel-plugin-import": {
      "version": "1.13.5",
      "resolved": "https://registry.npmjs.org/babel-plugin-import/-/babel-plugin-import-1.13.5.tgz",
      "integrity": "sha512-IkqnoV+ov1hdJVofly9pXRJmeDm9EtROfrc5i6eII0Hix2xMs5FEm8FG3ExMvazbnZBbgHIt6qdO8And6lCloQ==",
      "dev": true,
      "requires": {
        "@babel/helper-module-imports": "^7.0.0"
      }
    },
    "commander": {
      "version": "9.1.0",
      "resolved": "https://registry.npmjs.org/commander/-/commander-9.1.0.tgz",
      "integrity": "sha512-i0/MaqBtdbnJ4XQs4Pmyb+oFQl+q0lsAmokVUH92SlSw4fkeAcG3bVon+Qt7hmtF+u3Het6o4VgrcY3qAoEB6w=="
    },
    "follow-redirects": {
      "version": "1.14.9",
      "resolved": "https://registry.npmjs.org/follow-redirects/-/follow-redirects-1.14.9.tgz",
      "integrity": "sha512-MQDfihBQYMcyy5dhRDJUHcw7lb2Pv/TuE6xP1vyraLukNDHKbDxDNaOE3NbCAdKQApno+GPRyo1YAp89yCjK4w=="
    },
    "mockjs": {
      "version": "1.1.0",
      "resolved": "https://registry.npmjs.org/mockjs/-/mockjs-1.1.0.tgz",
      "integrity": "sha512-eQsKcWzIaZzEZ07NuEyO4Nw65g0hdWAyurVol1IPl1gahRwY+svqzfgfey8U8dahLwG44d6/RwEzuK52rSa/JQ==",
      "requires": {
        "commander": "*"
      }
    },
    "regenerator-runtime": {
      "version": "0.13.9",
      "resolved": "https://registry.npmjs.org/regenerator-runtime/-/regenerator-runtime-0.13.9.tgz",
      "integrity": "sha512-p3VT+cOEgxFsRRA9X4lkI1E+k2/CtnKtU4gcxyaCUreilL/vqI6CdZ3wxVUx3UOUg+gnUOQQcRI7BmSI656MYA=="
    },
    "to-fast-properties": {
      "version": "2.0.0",
      "resolved": "https://registry.npmjs.org/to-fast-properties/-/to-fast-properties-2.0.0.tgz",
      "integrity": "sha1-3F5pjL0HkmW8c+A3doGk5Og/YW4=",
      "dev": true
    },
    "uni-lb-tabbar": {
      "version": "1.0.3",
      "resolved": "https://registry.npmjs.org/uni-lb-tabbar/-/uni-lb-tabbar-1.0.3.tgz",
      "integrity": "sha512-BVtZQ2fd7JLuiXwEhnIzglHg3428K3q/AAHrMBITi48/uOzs8JuSLqdky9LGKBUasmDV9eO1N/WtwAlUa0x6xw=="
    },
    "vant": {
      "version": "3.4.8",
      "resolved": "https://registry.npmjs.org/vant/-/vant-3.4.8.tgz",
      "integrity": "sha512-xPAiPdCiaZbcdbVplVh4N2lmYzDAr2UdadkUHoa9uwfHS9/dab4f8TigfCFzlfAEk53U1J6w+6qZ+whtt4T3hw==",
      "requires": {
        "@vant/icons": "^1.8.0",
        "@vant/popperjs": "^1.1.0",
        "@vant/use": "^1.3.6"
      }
    },
    "vue-lazyload": {
      "version": "1.2.3",
      "resolved": "https://registry.npmjs.org/vue-lazyload/-/vue-lazyload-1.2.3.tgz",
      "integrity": "sha512-DC0ZwxanbRhx79tlA3zY5OYJkH8FYp3WBAnAJbrcuoS8eye1P73rcgAZhyxFSPUluJUTelMB+i/+VkNU/qVm7g=="
    }
  }
}
