{
  "requires": true,
  "lockfileVersion": 1,
  "dependencies": {
    "uni-lb-tabbar": {
      "version": "1.0.3",
      "resolved": "https://registry.npmjs.org/uni-lb-tabbar/-/uni-lb-tabbar-1.0.3.tgz",
      "integrity": "sha512-BVtZQ2fd7JLuiXwEhnIzglHg3428K3q/AAHrMBITi48/uOzs8JuSLqdky9LGKBUasmDV9eO1N/WtwAlUa0x6xw=="
    }
  }
}
